// !$*UTF8*$!
{
	archiveVersion = 1;
	classes = {
	};
	objectVersion = 46;
	objects = {

/* Begin PBXBuildFile section */
		922F665B196DA9F6009307CE /* AFHTTPRequestOperation.h in Sources */ = {isa = PBXBuildFile; fileRef = 922F6648196DA9F5009307CE /* AFHTTPRequestOperation.h */; };
		922F665C196DA9F6009307CE /* AFHTTPRequestOperation.m in Sources */ = {isa = PBXBuildFile; fileRef = 922F6649196DA9F5009307CE /* AFHTTPRequestOperation.m */; };
		922F665D196DA9F6009307CE /* AFHTTPRequestOperationManager.h in Sources */ = {isa = PBXBuildFile; fileRef = 922F664A196DA9F5009307CE /* AFHTTPRequestOperationManager.h */; };
		922F665E196DA9F6009307CE /* AFHTTPRequestOperationManager.m in Sources */ = {isa = PBXBuildFile; fileRef = 922F664B196DA9F5009307CE /* AFHTTPRequestOperationManager.m */; };
		922F665F196DA9F6009307CE /* AFHTTPSessionManager.h in Sources */ = {isa = PBXBuildFile; fileRef = 922F664C196DA9F5009307CE /* AFHTTPSessionManager.h */; };
		922F6660196DA9F6009307CE /* AFHTTPSessionManager.m in Sources */ = {isa = PBXBuildFile; fileRef = 922F664D196DA9F5009307CE /* AFHTTPSessionManager.m */; };
		922F6661196DA9F6009307CE /* AFNetworking.h in Sources */ = {isa = PBXBuildFile; fileRef = 922F664E196DA9F6009307CE /* AFNetworking.h */; };
		922F6662196DA9F6009307CE /* AFNetworkReachabilityManager.h in Sources */ = {isa = PBXBuildFile; fileRef = 922F664F196DA9F6009307CE /* AFNetworkReachabilityManager.h */; };
		922F6663196DA9F6009307CE /* AFNetworkReachabilityManager.m in Sources */ = {isa = PBXBuildFile; fileRef = 922F6650196DA9F6009307CE /* AFNetworkReachabilityManager.m */; };
		922F6664196DA9F6009307CE /* AFSecurityPolicy.h in Sources */ = {isa = PBXBuildFile; fileRef = 922F6651196DA9F6009307CE /* AFSecurityPolicy.h */; };
		922F6665196DA9F6009307CE /* AFSecurityPolicy.m in Sources */ = {isa = PBXBuildFile; fileRef = 922F6652196DA9F6009307CE /* AFSecurityPolicy.m */; };
		922F6666196DA9F6009307CE /* AFURLConnectionOperation.h in Sources */ = {isa = PBXBuildFile; fileRef = 922F6653196DA9F6009307CE /* AFURLConnectionOperation.h */; };
		922F6667196DA9F6009307CE /* AFURLConnectionOperation.m in Sources */ = {isa = PBXBuildFile; fileRef = 922F6654196DA9F6009307CE /* AFURLConnectionOperation.m */; };
		922F6668196DA9F6009307CE /* AFURLRequestSerialization.h in Sources */ = {isa = PBXBuildFile; fileRef = 922F6655196DA9F6009307CE /* AFURLRequestSerialization.h */; };
		922F6669196DA9F6009307CE /* AFURLRequestSerialization.m in Sources */ = {isa = PBXBuildFile; fileRef = 922F6656196DA9F6009307CE /* AFURLRequestSerialization.m */; };
		922F666A196DA9F6009307CE /* AFURLResponseSerialization.h in Sources */ = {isa = PBXBuildFile; fileRef = 922F6657196DA9F6009307CE /* AFURLResponseSerialization.h */; };
		922F666B196DA9F6009307CE /* AFURLResponseSerialization.m in Sources */ = {isa = PBXBuildFile; fileRef = 922F6658196DA9F6009307CE /* AFURLResponseSerialization.m */; };
		922F666C196DA9F6009307CE /* AFURLSessionManager.h in Sources */ = {isa = PBXBuildFile; fileRef = 922F6659196DA9F6009307CE /* AFURLSessionManager.h */; };
		922F666D196DA9F6009307CE /* AFURLSessionManager.m in Sources */ = {isa = PBXBuildFile; fileRef = 922F665A196DA9F6009307CE /* AFURLSessionManager.m */; };
		9262FD62196C9A0A00A4F74A /* Foundation.framework in Frameworks */ = {isa = PBXBuildFile; fileRef = 9262FD61196C9A0A00A4F74A /* Foundation.framework */; };
		9262FD64196C9A0A00A4F74A /* CoreGraphics.framework in Frameworks */ = {isa = PBXBuildFile; fileRef = 9262FD63196C9A0A00A4F74A /* CoreGraphics.framework */; };
		9262FD66196C9A0A00A4F74A /* UIKit.framework in Frameworks */ = {isa = PBXBuildFile; fileRef = 9262FD65196C9A0A00A4F74A /* UIKit.framework */; };
		9262FD6C196C9A0A00A4F74A /* InfoPlist.strings in Resources */ = {isa = PBXBuildFile; fileRef = 9262FD6A196C9A0A00A4F74A /* InfoPlist.strings */; };
		9262FD6E196C9A0A00A4F74A /* main.m in Sources */ = {isa = PBXBuildFile; fileRef = 9262FD6D196C9A0A00A4F74A /* main.m */; };
		9262FD72196C9A0A00A4F74A /* TPTAppDelegate.m in Sources */ = {isa = PBXBuildFile; fileRef = 9262FD71196C9A0A00A4F74A /* TPTAppDelegate.m */; };
		9262FD75196C9A0A00A4F74A /* Main_iPhone.storyboard in Resources */ = {isa = PBXBuildFile; fileRef = 9262FD73196C9A0A00A4F74A /* Main_iPhone.storyboard */; };
		9262FD78196C9A0A00A4F74A /* Main_iPad.storyboard in Resources */ = {isa = PBXBuildFile; fileRef = 9262FD76196C9A0A00A4F74A /* Main_iPad.storyboard */; };
		9262FD7B196C9A0A00A4F74A /* TPTViewController.m in Sources */ = {isa = PBXBuildFile; fileRef = 9262FD7A196C9A0A00A4F74A /* TPTViewController.m */; };
		9262FD7D196C9A0A00A4F74A /* Images.xcassets in Resources */ = {isa = PBXBuildFile; fileRef = 9262FD7C196C9A0A00A4F74A /* Images.xcassets */; };
		9262FD9C196C9D9800A4F74A /* TwinPrimeSDK in Resources */ = {isa = PBXBuildFile; fileRef = 9262FD9B196C9D9800A4F74A /* TwinPrimeSDK */; };
		9262FDA1196CA34A00A4F74A /* libtwinprime.a in Frameworks */ = {isa = PBXBuildFile; fileRef = 9262FDA0196CA34A00A4F74A /* libtwinprime.a */; };
		9262FDA6196CA36D00A4F74A /* CFNetwork.framework in Frameworks */ = {isa = PBXBuildFile; fileRef = 9262FDA2196CA36D00A4F74A /* CFNetwork.framework */; };
		9262FDA7196CA36D00A4F74A /* CoreTelephony.framework in Frameworks */ = {isa = PBXBuildFile; fileRef = 9262FDA3196CA36D00A4F74A /* CoreTelephony.framework */; };
		9262FDA8196CA36D00A4F74A /* libz.dylib in Frameworks */ = {isa = PBXBuildFile; fileRef = 9262FDA4196CA36D00A4F74A /* libz.dylib */; };
		9262FDA9196CA36D00A4F74A /* SystemConfiguration.framework in Frameworks */ = {isa = PBXBuildFile; fileRef = 9262FDA5196CA36D00A4F74A /* SystemConfiguration.framework */; };
/* End PBXBuildFile section */

/* Begin PBXFileReference section */
		922F6648196DA9F5009307CE /* AFHTTPRequestOperation.h */ = {isa = PBXFileReference; lastKnownFileType = sourcecode.c.h; name = AFHTTPRequestOperation.h; path = "AFNetworking-2.3.1/AFNetworking/AFHTTPRequestOperation.h"; sourceTree = "<group>"; };
		922F6649196DA9F5009307CE /* AFHTTPRequestOperation.m */ = {isa = PBXFileReference; lastKnownFileType = sourcecode.c.objc; name = AFHTTPRequestOperation.m; path = "AFNetworking-2.3.1/AFNetworking/AFHTTPRequestOperation.m"; sourceTree = "<group>"; };
		922F664A196DA9F5009307CE /* AFHTTPRequestOperationManager.h */ = {isa = PBXFileReference; lastKnownFileType = sourcecode.c.h; name = AFHTTPRequestOperationManager.h; path = "AFNetworking-2.3.1/AFNetworking/AFHTTPRequestOperationManager.h"; sourceTree = "<group>"; };
		922F664B196DA9F5009307CE /* AFHTTPRequestOperationManager.m */ = {isa = PBXFileReference; lastKnownFileType = sourcecode.c.objc; name = AFHTTPRequestOperationManager.m; path = "AFNetworking-2.3.1/AFNetworking/AFHTTPRequestOperationManager.m"; sourceTree = "<group>"; };
		922F664C196DA9F5009307CE /* AFHTTPSessionManager.h */ = {isa = PBXFileReference; lastKnownFileType = sourcecode.c.h; name = AFHTTPSessionManager.h; path = "AFNetworking-2.3.1/AFNetworking/AFHTTPSessionManager.h"; sourceTree = "<group>"; };
		922F664D196DA9F5009307CE /* AFHTTPSessionManager.m */ = {isa = PBXFileReference; lastKnownFileType = sourcecode.c.objc; name = AFHTTPSessionManager.m; path = "AFNetworking-2.3.1/AFNetworking/AFHTTPSessionManager.m"; sourceTree = "<group>"; };
		922F664E196DA9F6009307CE /* AFNetworking.h */ = {isa = PBXFileReference; lastKnownFileType = sourcecode.c.h; name = AFNetworking.h; path = "AFNetworking-2.3.1/AFNetworking/AFNetworking.h"; sourceTree = "<group>"; };
		922F664F196DA9F6009307CE /* AFNetworkReachabilityManager.h */ = {isa = PBXFileReference; lastKnownFileType = sourcecode.c.h; name = AFNetworkReachabilityManager.h; path = "AFNetworking-2.3.1/AFNetworking/AFNetworkReachabilityManager.h"; sourceTree = "<group>"; };
		922F6650196DA9F6009307CE /* AFNetworkReachabilityManager.m */ = {isa = PBXFileReference; lastKnownFileType = sourcecode.c.objc; name = AFNetworkReachabilityManager.m; path = "AFNetworking-2.3.1/AFNetworking/AFNetworkReachabilityManager.m"; sourceTree = "<group>"; };
		922F6651196DA9F6009307CE /* AFSecurityPolicy.h */ = {isa = PBXFileReference; lastKnownFileType = sourcecode.c.h; name = AFSecurityPolicy.h; path = "AFNetworking-2.3.1/AFNetworking/AFSecurityPolicy.h"; sourceTree = "<group>"; };
		922F6652196DA9F6009307CE /* AFSecurityPolicy.m */ = {isa = PBXFileReference; lastKnownFileType = sourcecode.c.objc; name = AFSecurityPolicy.m; path = "AFNetworking-2.3.1/AFNetworking/AFSecurityPolicy.m"; sourceTree = "<group>"; };
		922F6653196DA9F6009307CE /* AFURLConnectionOperation.h */ = {isa = PBXFileReference; lastKnownFileType = sourcecode.c.h; name = AFURLConnectionOperation.h; path = "AFNetworking-2.3.1/AFNetworking/AFURLConnectionOperation.h"; sourceTree = "<group>"; };
		922F6654196DA9F6009307CE /* AFURLConnectionOperation.m */ = {isa = PBXFileReference; lastKnownFileType = sourcecode.c.objc; name = AFURLConnectionOperation.m; path = "AFNetworking-2.3.1/AFNetworking/AFURLConnectionOperation.m"; sourceTree = "<group>"; };
		922F6655196DA9F6009307CE /* AFURLRequestSerialization.h */ = {isa = PBXFileReference; lastKnownFileType = sourcecode.c.h; name = AFURLRequestSerialization.h; path = "AFNetworking-2.3.1/AFNetworking/AFURLRequestSerialization.h"; sourceTree = "<group>"; };
		922F6656196DA9F6009307CE /* AFURLRequestSerialization.m */ = {isa = PBXFileReference; lastKnownFileType = sourcecode.c.objc; name = AFURLRequestSerialization.m; path = "AFNetworking-2.3.1/AFNetworking/AFURLRequestSerialization.m"; sourceTree = "<group>"; };
		922F6657196DA9F6009307CE /* AFURLResponseSerialization.h */ = {isa = PBXFileReference; lastKnownFileType = sourcecode.c.h; name = AFURLResponseSerialization.h; path = "AFNetworking-2.3.1/AFNetworking/AFURLResponseSerialization.h"; sourceTree = "<group>"; };
		922F6658196DA9F6009307CE /* AFURLResponseSerialization.m */ = {isa = PBXFileReference; lastKnownFileType = sourcecode.c.objc; name = AFURLResponseSerialization.m; path = "AFNetworking-2.3.1/AFNetworking/AFURLResponseSerialization.m"; sourceTree = "<group>"; };
		922F6659196DA9F6009307CE /* AFURLSessionManager.h */ = {isa = PBXFileReference; lastKnownFileType = sourcecode.c.h; name = AFURLSessionManager.h; path = "AFNetworking-2.3.1/AFNetworking/AFURLSessionManager.h"; sourceTree = "<group>"; };
		922F665A196DA9F6009307CE /* AFURLSessionManager.m */ = {isa = PBXFileReference; lastKnownFileType = sourcecode.c.objc; name = AFURLSessionManager.m; path = "AFNetworking-2.3.1/AFNetworking/AFURLSessionManager.m"; sourceTree = "<group>"; };
		9262FD5E196C9A0A00A4F74A /* AFSample.app */ = {isa = PBXFileReference; explicitFileType = wrapper.application; includeInIndex = 0; path = AFSample.app; sourceTree = BUILT_PRODUCTS_DIR; };
		9262FD61196C9A0A00A4F74A /* Foundation.framework */ = {isa = PBXFileReference; lastKnownFileType = wrapper.framework; name = Foundation.framework; path = System/Library/Frameworks/Foundation.framework; sourceTree = SDKROOT; };
		9262FD63196C9A0A00A4F74A /* CoreGraphics.framework */ = {isa = PBXFileReference; lastKnownFileType = wrapper.framework; name = CoreGraphics.framework; path = System/Library/Frameworks/CoreGraphics.framework; sourceTree = SDKROOT; };
		9262FD65196C9A0A00A4F74A /* UIKit.framework */ = {isa = PBXFileReference; lastKnownFileType = wrapper.framework; name = UIKit.framework; path = System/Library/Frameworks/UIKit.framework; sourceTree = SDKROOT; };
		9262FD69196C9A0A00A4F74A /* AFSample-Info.plist */ = {isa = PBXFileReference; lastKnownFileType = text.plist.xml; path = "AFSample-Info.plist"; sourceTree = "<group>"; };
		9262FD6B196C9A0A00A4F74A /* en */ = {isa = PBXFileReference; lastKnownFileType = text.plist.strings; name = en; path = en.lproj/InfoPlist.strings; sourceTree = "<group>"; };
		9262FD6D196C9A0A00A4F74A /* main.m */ = {isa = PBXFileReference; lastKnownFileType = sourcecode.c.objc; path = main.m; sourceTree = "<group>"; };
		9262FD6F196C9A0A00A4F74A /* AFSample-Prefix.pch */ = {isa = PBXFileReference; lastKnownFileType = sourcecode.c.h; path = "AFSample-Prefix.pch"; sourceTree = "<group>"; };
		9262FD70196C9A0A00A4F74A /* TPTAppDelegate.h */ = {isa = PBXFileReference; lastKnownFileType = sourcecode.c.h; path = TPTAppDelegate.h; sourceTree = "<group>"; };
		9262FD71196C9A0A00A4F74A /* TPTAppDelegate.m */ = {isa = PBXFileReference; lastKnownFileType = sourcecode.c.objc; path = TPTAppDelegate.m; sourceTree = "<group>"; };
		9262FD74196C9A0A00A4F74A /* Base */ = {isa = PBXFileReference; lastKnownFileType = file.storyboard; name = Base; path = Base.lproj/Main_iPhone.storyboard; sourceTree = "<group>"; };
		9262FD77196C9A0A00A4F74A /* Base */ = {isa = PBXFileReference; lastKnownFileType = file.storyboard; name = Base; path = Base.lproj/Main_iPad.storyboard; sourceTree = "<group>"; };
		9262FD79196C9A0A00A4F74A /* TPTViewController.h */ = {isa = PBXFileReference; lastKnownFileType = sourcecode.c.h; path = TPTViewController.h; sourceTree = "<group>"; };
		9262FD7A196C9A0A00A4F74A /* TPTViewController.m */ = {isa = PBXFileReference; lastKnownFileType = sourcecode.c.objc; path = TPTViewController.m; sourceTree = "<group>"; };
		9262FD7C196C9A0A00A4F74A /* Images.xcassets */ = {isa = PBXFileReference; lastKnownFileType = folder.assetcatalog; path = Images.xcassets; sourceTree = "<group>"; };
		9262FD83196C9A0A00A4F74A /* XCTest.framework */ = {isa = PBXFileReference; lastKnownFileType = wrapper.framework; name = XCTest.framework; path = Library/Frameworks/XCTest.framework; sourceTree = DEVELOPER_DIR; };
		9262FD9B196C9D9800A4F74A /* TwinPrimeSDK */ = {isa = PBXFileReference; lastKnownFileType = folder; path = TwinPrimeSDK; sourceTree = "<group>"; };
		9262FDA0196CA34A00A4F74A /* libtwinprime.a */ = {isa = PBXFileReference; lastKnownFileType = archive.ar; name = libtwinprime.a; path = TwinPrimeSDK/libtwinprime.a; sourceTree = "<group>"; };
		9262FDA2196CA36D00A4F74A /* CFNetwork.framework */ = {isa = PBXFileReference; lastKnownFileType = wrapper.framework; name = CFNetwork.framework; path = System/Library/Frameworks/CFNetwork.framework; sourceTree = SDKROOT; };
		9262FDA3196CA36D00A4F74A /* CoreTelephony.framework */ = {isa = PBXFileReference; lastKnownFileType = wrapper.framework; name = CoreTelephony.framework; path = System/Library/Frameworks/CoreTelephony.framework; sourceTree = SDKROOT; };
		9262FDA4196CA36D00A4F74A /* libz.dylib */ = {isa = PBXFileReference; lastKnownFileType = "compiled.mach-o.dylib"; name = libz.dylib; path = usr/lib/libz.dylib; sourceTree = SDKROOT; };
		9262FDA5196CA36D00A4F74A /* SystemConfiguration.framework */ = {isa = PBXFileReference; lastKnownFileType = wrapper.framework; name = SystemConfiguration.framework; path = System/Library/Frameworks/SystemConfiguration.framework; sourceTree = SDKROOT; };
/* End PBXFileReference section */

/* Begin PBXFrameworksBuildPhase section */
		9262FD5B196C9A0A00A4F74A /* Frameworks */ = {
			isa = PBXFrameworksBuildPhase;
			buildActionMask = 2147483647;
			files = (
				9262FDA1196CA34A00A4F74A /* libtwinprime.a in Frameworks */,
				9262FD64196C9A0A00A4F74A /* CoreGraphics.framework in Frameworks */,
				9262FD66196C9A0A00A4F74A /* UIKit.framework in Frameworks */,
				9262FD62196C9A0A00A4F74A /* Foundation.framework in Frameworks */,
				9262FDA6196CA36D00A4F74A /* CFNetwork.framework in Frameworks */,
				9262FDA7196CA36D00A4F74A /* CoreTelephony.framework in Frameworks */,
				9262FDA8196CA36D00A4F74A /* libz.dylib in Frameworks */,
				9262FDA9196CA36D00A4F74A /* SystemConfiguration.framework in Frameworks */,
			);
			runOnlyForDeploymentPostprocessing = 0;
		};
/* End PBXFrameworksBuildPhase section */

/* Begin PBXGroup section */
		922F666E196DAA0A009307CE /* AFNetworking */ = {
			isa = PBXGroup;
			children = (
				922F6648196DA9F5009307CE /* AFHTTPRequestOperation.h */,
				922F6649196DA9F5009307CE /* AFHTTPRequestOperation.m */,
				922F664A196DA9F5009307CE /* AFHTTPRequestOperationManager.h */,
				922F664B196DA9F5009307CE /* AFHTTPRequestOperationManager.m */,
				922F664C196DA9F5009307CE /* AFHTTPSessionManager.h */,
				922F664D196DA9F5009307CE /* AFHTTPSessionManager.m */,
				922F664E196DA9F6009307CE /* AFNetworking.h */,
				922F664F196DA9F6009307CE /* AFNetworkReachabilityManager.h */,
				922F6650196DA9F6009307CE /* AFNetworkReachabilityManager.m */,
				922F6651196DA9F6009307CE /* AFSecurityPolicy.h */,
				922F6652196DA9F6009307CE /* AFSecurityPolicy.m */,
				922F6653196DA9F6009307CE /* AFURLConnectionOperation.h */,
				922F6654196DA9F6009307CE /* AFURLConnectionOperation.m */,
				922F6655196DA9F6009307CE /* AFURLRequestSerialization.h */,
				922F6656196DA9F6009307CE /* AFURLRequestSerialization.m */,
				922F6657196DA9F6009307CE /* AFURLResponseSerialization.h */,
				922F6658196DA9F6009307CE /* AFURLResponseSerialization.m */,
				922F6659196DA9F6009307CE /* AFURLSessionManager.h */,
				922F665A196DA9F6009307CE /* AFURLSessionManager.m */,
			);
			name = AFNetworking;
			sourceTree = "<group>";
		};
		9262FD55196C9A0A00A4F74A = {
			isa = PBXGroup;
			children = (
				922F666E196DAA0A009307CE /* AFNetworking */,
				9262FD9B196C9D9800A4F74A /* TwinPrimeSDK */,
				9262FD67196C9A0A00A4F74A /* AFSample */,
				9262FD60196C9A0A00A4F74A /* Frameworks */,
				9262FD5F196C9A0A00A4F74A /* Products */,
			);
			sourceTree = "<group>";
		};
		9262FD5F196C9A0A00A4F74A /* Products */ = {
			isa = PBXGroup;
			children = (
				9262FD5E196C9A0A00A4F74A /* AFSample.app */,
			);
			name = Products;
			sourceTree = "<group>";
		};
		9262FD60196C9A0A00A4F74A /* Frameworks */ = {
			isa = PBXGroup;
			children = (
				9262FDA2196CA36D00A4F74A /* CFNetwork.framework */,
				9262FDA3196CA36D00A4F74A /* CoreTelephony.framework */,
				9262FDA4196CA36D00A4F74A /* libz.dylib */,
				9262FDA5196CA36D00A4F74A /* SystemConfiguration.framework */,
				9262FDA0196CA34A00A4F74A /* libtwinprime.a */,
				9262FD61196C9A0A00A4F74A /* Foundation.framework */,
				9262FD63196C9A0A00A4F74A /* CoreGraphics.framework */,
				9262FD65196C9A0A00A4F74A /* UIKit.framework */,
				9262FD83196C9A0A00A4F74A /* XCTest.framework */,
			);
			name = Frameworks;
			sourceTree = "<group>";
		};
		9262FD67196C9A0A00A4F74A /* AFSample */ = {
			isa = PBXGroup;
			children = (
				9262FD70196C9A0A00A4F74A /* TPTAppDelegate.h */,
				9262FD71196C9A0A00A4F74A /* TPTAppDelegate.m */,
				9262FD73196C9A0A00A4F74A /* Main_iPhone.storyboard */,
				9262FD76196C9A0A00A4F74A /* Main_iPad.storyboard */,
				9262FD79196C9A0A00A4F74A /* TPTViewController.h */,
				9262FD7A196C9A0A00A4F74A /* TPTViewController.m */,
				9262FD7C196C9A0A00A4F74A /* Images.xcassets */,
				9262FD68196C9A0A00A4F74A /* Supporting Files */,
			);
			path = AFSample;
			sourceTree = "<group>";
		};
		9262FD68196C9A0A00A4F74A /* Supporting Files */ = {
			isa = PBXGroup;
			children = (
				9262FD69196C9A0A00A4F74A /* AFSample-Info.plist */,
				9262FD6A196C9A0A00A4F74A /* InfoPlist.strings */,
				9262FD6D196C9A0A00A4F74A /* main.m */,
				9262FD6F196C9A0A00A4F74A /* AFSample-Prefix.pch */,
			);
			name = "Supporting Files";
			sourceTree = "<group>";
		};
/* End PBXGroup section */

/* Begin PBXNativeTarget section */
		9262FD5D196C9A0A00A4F74A /* AFSample */ = {
			isa = PBXNativeTarget;
			buildConfigurationList = 9262FD93196C9A0A00A4F74A /* Build configuration list for PBXNativeTarget "AFSample" */;
			buildPhases = (
				9262FD5A196C9A0A00A4F74A /* Sources */,
				9262FD5B196C9A0A00A4F74A /* Frameworks */,
				9262FD5C196C9A0A00A4F74A /* Resources */,
			);
			buildRules = (
			);
			dependencies = (
			);
			name = AFSample;
			productName = AFSample;
			productReference = 9262FD5E196C9A0A00A4F74A /* AFSample.app */;
			productType = "com.apple.product-type.application";
		};
/* End PBXNativeTarget section */

/* Begin PBXProject section */
		9262FD56196C9A0A00A4F74A /* Project object */ = {
			isa = PBXProject;
			attributes = {
				CLASSPREFIX = TPT;
				LastUpgradeCheck = 0510;
				ORGANIZATIONNAME = "Russell Larsen";
			};
			buildConfigurationList = 9262FD59196C9A0A00A4F74A /* Build configuration list for PBXProject "AFSample" */;
			compatibilityVersion = "Xcode 3.2";
			developmentRegion = English;
			hasScannedForEncodings = 0;
			knownRegions = (
				en,
				Base,
			);
			mainGroup = 9262FD55196C9A0A00A4F74A;
			productRefGroup = 9262FD5F196C9A0A00A4F74A /* Products */;
			projectDirPath = "";
			projectRoot = "";
			targets = (
				9262FD5D196C9A0A00A4F74A /* AFSample */,
			);
		};
/* End PBXProject section */

/* Begin PBXResourcesBuildPhase section */
		9262FD5C196C9A0A00A4F74A /* Resources */ = {
			isa = PBXResourcesBuildPhase;
			buildActionMask = 2147483647;
			files = (
				9262FD78196C9A0A00A4F74A /* Main_iPad.storyboard in Resources */,
				9262FD7D196C9A0A00A4F74A /* Images.xcassets in Resources */,
				9262FD75196C9A0A00A4F74A /* Main_iPhone.storyboard in Resources */,
				9262FD6C196C9A0A00A4F74A /* InfoPlist.strings in Resources */,
				9262FD9C196C9D9800A4F74A /* TwinPrimeSDK in Resources */,
			);
			runOnlyForDeploymentPostprocessing = 0;
		};
/* End PBXResourcesBuildPhase section */

/* Begin PBXSourcesBuildPhase section */
		9262FD5A196C9A0A00A4F74A /* Sources */ = {
			isa = PBXSourcesBuildPhase;
			buildActionMask = 2147483647;
			files = (
				922F665B196DA9F6009307CE /* AFHTTPRequestOperation.h in Sources */,
				922F665C196DA9F6009307CE /* AFHTTPRequestOperation.m in Sources */,
				922F665D196DA9F6009307CE /* AFHTTPRequestOperationManager.h in Sources */,
				922F665E196DA9F6009307CE /* AFHTTPRequestOperationManager.m in Sources */,
				922F665F196DA9F6009307CE /* AFHTTPSessionManager.h in Sources */,
				922F6660196DA9F6009307CE /* AFHTTPSessionManager.m in Sources */,
				922F6661196DA9F6009307CE /* AFNetworking.h in Sources */,
				922F6662196DA9F6009307CE /* AFNetworkReachabilityManager.h in Sources */,
				922F6663196DA9F6009307CE /* AFNetworkReachabilityManager.m in Sources */,
				922F6664196DA9F6009307CE /* AFSecurityPolicy.h in Sources */,
				922F6665196DA9F6009307CE /* AFSecurityPolicy.m in Sources */,
				922F6666196DA9F6009307CE /* AFURLConnectionOperation.h in Sources */,
				922F6667196DA9F6009307CE /* AFURLConnectionOperation.m in Sources */,
				922F6668196DA9F6009307CE /* AFURLRequestSerialization.h in Sources */,
				922F6669196DA9F6009307CE /* AFURLRequestSerialization.m in Sources */,
				922F666A196DA9F6009307CE /* AFURLResponseSerialization.h in Sources */,
				922F666B196DA9F6009307CE /* AFURLResponseSerialization.m in Sources */,
				922F666C196DA9F6009307CE /* AFURLSessionManager.h in Sources */,
				922F666D196DA9F6009307CE /* AFURLSessionManager.m in Sources */,
				9262FD6E196C9A0A00A4F74A /* main.m in Sources */,
				9262FD72196C9A0A00A4F74A /* TPTAppDelegate.m in Sources */,
				9262FD7B196C9A0A00A4F74A /* TPTViewController.m in Sources */,
			);
			runOnlyForDeploymentPostprocessing = 0;
		};
/* End PBXSourcesBuildPhase section */

/* Begin PBXVariantGroup section */
		9262FD6A196C9A0A00A4F74A /* InfoPlist.strings */ = {
			isa = PBXVariantGroup;
			children = (
				9262FD6B196C9A0A00A4F74A /* en */,
			);
			name = InfoPlist.strings;
			sourceTree = "<group>";
		};
		9262FD73196C9A0A00A4F74A /* Main_iPhone.storyboard */ = {
			isa = PBXVariantGroup;
			children = (
				9262FD74196C9A0A00A4F74A /* Base */,
			);
			name = Main_iPhone.storyboard;
			sourceTree = "<group>";
		};
		9262FD76196C9A0A00A4F74A /* Main_iPad.storyboard */ = {
			isa = PBXVariantGroup;
			children = (
				9262FD77196C9A0A00A4F74A /* Base */,
			);
			name = Main_iPad.storyboard;
			sourceTree = "<group>";
		};
/* End PBXVariantGroup section */

/* Begin XCBuildConfiguration section */
		9262FD91196C9A0A00A4F74A /* Debug */ = {
			isa = XCBuildConfiguration;
			buildSettings = {
				ALWAYS_SEARCH_USER_PATHS = NO;
				CLANG_CXX_LANGUAGE_STANDARD = "gnu++0x";
				CLANG_CXX_LIBRARY = "libc++";
				CLANG_ENABLE_MODULES = YES;
				CLANG_ENABLE_OBJC_ARC = YES;
				CLANG_WARN_BOOL_CONVERSION = YES;
				CLANG_WARN_CONSTANT_CONVERSION = YES;
				CLANG_WARN_DIRECT_OBJC_ISA_USAGE = YES_ERROR;
				CLANG_WARN_EMPTY_BODY = YES;
				CLANG_WARN_ENUM_CONVERSION = YES;
				CLANG_WARN_INT_CONVERSION = YES;
				CLANG_WARN_OBJC_ROOT_CLASS = YES_ERROR;
				CLANG_WARN__DUPLICATE_METHOD_MATCH = YES;
				"CODE_SIGN_IDENTITY[sdk=iphoneos*]" = "iPhone Developer";
				COPY_PHASE_STRIP = NO;
				GCC_C_LANGUAGE_STANDARD = gnu99;
				GCC_DYNAMIC_NO_PIC = NO;
				GCC_OPTIMIZATION_LEVEL = 0;
				GCC_PREPROCESSOR_DEFINITIONS = (
					"DEBUG=1",
					"$(inherited)",
				);
				GCC_SYMBOLS_PRIVATE_EXTERN = NO;
				GCC_WARN_64_TO_32_BIT_CONVERSION = YES;
				GCC_WARN_ABOUT_RETURN_TYPE = YES_ERROR;
				GCC_WARN_UNDECLARED_SELECTOR = YES;
				GCC_WARN_UNINITIALIZED_AUTOS = YES_AGGRESSIVE;
				GCC_WARN_UNUSED_FUNCTION = YES;
				GCC_WARN_UNUSED_VARIABLE = YES;
				IPHONEOS_DEPLOYMENT_TARGET = 7.1;
				ONLY_ACTIVE_ARCH = YES;
				SDKROOT = iphoneos;
				TARGETED_DEVICE_FAMILY = "1,2";
			};
			name = Debug;
		};
		9262FD92196C9A0A00A4F74A /* Release */ = {
			isa = XCBuildConfiguration;
			buildSettings = {
				ALWAYS_SEARCH_USER_PATHS = NO;
				CLANG_CXX_LANGUAGE_STANDARD = "gnu++0x";
				CLANG_CXX_LIBRARY = "libc++";
				CLANG_ENABLE_MODULES = YES;
				CLANG_ENABLE_OBJC_ARC = YES;
				CLANG_WARN_BOOL_CONVERSION = YES;
				CLANG_WARN_CONSTANT_CONVERSION = YES;
				CLANG_WARN_DIRECT_OBJC_ISA_USAGE = YES_ERROR;
				CLANG_WARN_EMPTY_BODY = YES;
				CLANG_WARN_ENUM_CONVERSION = YES;
				CLANG_WARN_INT_CONVERSION = YES;
				CLANG_WARN_OBJC_ROOT_CLASS = YES_ERROR;
				CLANG_WARN__DUPLICATE_METHOD_MATCH = YES;
				"CODE_SIGN_IDENTITY[sdk=iphoneos*]" = "iPhone Developer";
				COPY_PHASE_STRIP = YES;
				ENABLE_NS_ASSERTIONS = NO;
				GCC_C_LANGUAGE_STANDARD = gnu99;
				GCC_WARN_64_TO_32_BIT_CONVERSION = YES;
				GCC_WARN_ABOUT_RETURN_TYPE = YES_ERROR;
				GCC_WARN_UNDECLARED_SELECTOR = YES;
				GCC_WARN_UNINITIALIZED_AUTOS = YES_AGGRESSIVE;
				GCC_WARN_UNUSED_FUNCTION = YES;
				GCC_WARN_UNUSED_VARIABLE = YES;
				IPHONEOS_DEPLOYMENT_TARGET = 7.1;
				SDKROOT = iphoneos;
				TARGETED_DEVICE_FAMILY = "1,2";
				VALIDATE_PRODUCT = YES;
			};
			name = Release;
		};
		9262FD94196C9A0A00A4F74A /* Debug */ = {
			isa = XCBuildConfiguration;
			buildSettings = {
				ASSETCATALOG_COMPILER_APPICON_NAME = AppIcon;
				ASSETCATALOG_COMPILER_LAUNCHIMAGE_NAME = LaunchImage;
				GCC_PRECOMPILE_PREFIX_HEADER = YES;
				GCC_PREFIX_HEADER = "AFSample/AFSample-Prefix.pch";
				INFOPLIST_FILE = "AFSample/AFSample-Info.plist";
				LIBRARY_SEARCH_PATHS = (
					"$(inherited)",
					"$(PROJECT_DIR)/TwinPrimeSDK",
				);
				PRODUCT_NAME = "$(TARGET_NAME)";
				WRAPPER_EXTENSION = app;
			};
			name = Debug;
		};
		9262FD95196C9A0A00A4F74A /* Release */ = {
			isa = XCBuildConfiguration;
			buildSettings = {
				ASSETCATALOG_COMPILER_APPICON_NAME = AppIcon;
				ASSETCATALOG_COMPILER_LAUNCHIMAGE_NAME = LaunchImage;
				GCC_PRECOMPILE_PREFIX_HEADER = YES;
				GCC_PREFIX_HEADER = "AFSample/AFSample-Prefix.pch";
				INFOPLIST_FILE = "AFSample/AFSample-Info.plist";
				LIBRARY_SEARCH_PATHS = (
					"$(inherited)",
					"$(PROJECT_DIR)/TwinPrimeSDK",
				);
				PRODUCT_NAME = "$(TARGET_NAME)";
				WRAPPER_EXTENSION = app;
			};
			name = Release;
		};
/* End XCBuildConfiguration section */

/* Begin XCConfigurationList section */
		9262FD59196C9A0A00A4F74A /* Build configuration list for PBXProject "AFSample" */ = {
			isa = XCConfigurationList;
			buildConfigurations = (
				9262FD91196C9A0A00A4F74A /* Debug */,
				9262FD92196C9A0A00A4F74A /* Release */,
			);
			defaultConfigurationIsVisible = 0;
			defaultConfigurationName = Release;
		};
		9262FD93196C9A0A00A4F74A /* Build configuration list for PBXNativeTarget "AFSample" */ = {
			isa = XCConfigurationList;
			buildConfigurations = (
				9262FD94196C9A0A00A4F74A /* Debug */,
				9262FD95196C9A0A00A4F74A /* Release */,
			);
			defaultConfigurationIsVisible = 0;
			defaultConfigurationName = Release;
		};
/* End XCConfigurationList section */
	};
	rootObject = 9262FD56196C9A0A00A4F74A /* Project object */;
}
